
Microsoft Visual Studio Solution File, Format Version 12.00
# Visual Studio 15
VisualStudioVersion = 15.0.28307.1800
MinimumVisualStudioVersion = 10.0.40219.1
Project("{FAE04EC0-301F-11D3-BF4B-00C04F79EFBC}") = "Otus.LuckyNumbers.FirstHomework", "Otus.LuckyNumbers.FirstHomework\Otus.LuckyNumbers.FirstHomework.csproj", "{A1B531C2-1231-4C38-A766-11ABC87B80C2}"
EndProject
Global
	GlobalSection(SolutionConfigurationPlatforms) = preSolution
		Debug|Any CPU = Debug|Any CPU
		Release|Any CPU = Release|Any CPU
	EndGlobalSection
	GlobalSection(ProjectConfigurationPlatforms) = postSolution
		{A1B531C2-1231-4C38-A766-11ABC87B80C2}.Debug|Any CPU.ActiveCfg = Debug|Any CPU
		{A1B531C2-1231-4C38-A766-11ABC87B80C2}.Debug|Any CPU.Build.0 = Debug|Any CPU
		{A1B531C2-1231-4C38-A766-11ABC87B80C2}.Release|Any CPU.ActiveCfg = Release|Any CPU
		{A1B531C2-1231-4C38-A766-11ABC87B80C2}.Release|Any CPU.Build.0 = Release|Any CPU
	EndGlobalSection
	GlobalSection(SolutionProperties) = preSolution
		HideSolutionNode = FALSE
	EndGlobalSection
	GlobalSection(ExtensibilityGlobals) = postSolution
		SolutionGuid = {48A2FF7A-78AD-4F78-AB4F-5A2868CC0FD2}
	EndGlobalSection
EndGlobal
